// !$*UTF8*$!
{
	archiveVersion = 1;
	classes = {
	};
	objectVersion = 48;
	objects = {

/* Begin PBXBuildFile section */
		FADBC87E21C92EB4006FEEFE /* AppDelegate.swift in Sources */ = {isa = PBXBuildFile; fileRef = FADBC87D21C92EB4006FEEFE /* AppDelegate.swift */; };
		FADBC88021C92EB4006FEEFE /* ViewController.swift in Sources */ = {isa = PBXBuildFile; fileRef = FADBC87F21C92EB4006FEEFE /* ViewController.swift */; };
		FADBC88321C92EB4006FEEFE /* Main.storyboard in Resources */ = {isa = PBXBuildFile; fileRef = FADBC88121C92EB4006FEEFE /* Main.storyboard */; };
		FADBC88821C92EB4006FEEFE /* LaunchScreen.storyboard in Resources */ = {isa = PBXBuildFile; fileRef = FADBC88621C92EB4006FEEFE /* LaunchScreen.storyboard */; };
		FADBC89321C92EB5006FEEFE /* GPSwiftLearnTwoTests.swift in Sources */ = {isa = PBXBuildFile; fileRef = FADBC89221C92EB5006FEEFE /* GPSwiftLearnTwoTests.swift */; };
		FADBC89E21C92EB5006FEEFE /* GPSwiftLearnTwoUITests.swift in Sources */ = {isa = PBXBuildFile; fileRef = FADBC89D21C92EB5006FEEFE /* GPSwiftLearnTwoUITests.swift */; };
		FADBC8AC21C933FA006FEEFE /* Assets.xcassets in Resources */ = {isa = PBXBuildFile; fileRef = FADBC8AB21C933FA006FEEFE /* Assets.xcassets */; };
		FADBC8C721C93652006FEEFE /* WRCustomNavigationBar.swift in Sources */ = {isa = PBXBuildFile; fileRef = FADBC8B121C93652006FEEFE /* WRCustomNavigationBar.swift */; };
		FADBC8C821C93652006FEEFE /* WRCycleCell.swift in Sources */ = {isa = PBXBuildFile; fileRef = FADBC8B321C93652006FEEFE /* WRCycleCell.swift */; };
		FADBC8C921C93652006FEEFE /* WRCycleScrollView.swift in Sources */ = {isa = PBXBuildFile; fileRef = FADBC8B421C93652006FEEFE /* WRCycleScrollView.swift */; };
		FADBC8CA21C93652006FEEFE /* WRProxy.swift in Sources */ = {isa = PBXBuildFile; fileRef = FADBC8B521C93652006FEEFE /* WRProxy.swift */; };
		FADBC8CB21C93653006FEEFE /* WRNavigationBar.swift in Sources */ = {isa = PBXBuildFile; fileRef = FADBC8B621C93652006FEEFE /* WRNavigationBar.swift */; };
		FADBC8CC21C93653006FEEFE /* guide_btn_bg@2x.png in Resources */ = {isa = PBXBuildFile; fileRef = FADBC8B821C93652006FEEFE /* guide_btn_bg@2x.png */; };
		FADBC8CD21C93653006FEEFE /* guideImage6.gif in Resources */ = {isa = PBXBuildFile; fileRef = FADBC8B921C93652006FEEFE /* guideImage6.gif */; };
		FADBC8CE21C93653006FEEFE /* guideImage7.gif in Resources */ = {isa = PBXBuildFile; fileRef = FADBC8BA21C93652006FEEFE /* guideImage7.gif */; };
		FADBC8CF21C93653006FEEFE /* guideImage8.gif in Resources */ = {isa = PBXBuildFile; fileRef = FADBC8BB21C93652006FEEFE /* guideImage8.gif */; };
		FADBC8D021C93653006FEEFE /* HHGuidePageHUD.swift in Sources */ = {isa = PBXBuildFile; fileRef = FADBC8BC21C93652006FEEFE /* HHGuidePageHUD.swift */; };
		FADBC8D121C93653006FEEFE /* lead01.png in Resources */ = {isa = PBXBuildFile; fileRef = FADBC8BD21C93652006FEEFE /* lead01.png */; };
		FADBC8D221C93653006FEEFE /* lead02.png in Resources */ = {isa = PBXBuildFile; fileRef = FADBC8BE21C93652006FEEFE /* lead02.png */; };
		FADBC8D321C93653006FEEFE /* lead03.png in Resources */ = {isa = PBXBuildFile; fileRef = FADBC8BF21C93652006FEEFE /* lead03.png */; };
		FADBC8D421C93653006FEEFE /* qidong.mp4 in Resources */ = {isa = PBXBuildFile; fileRef = FADBC8C021C93652006FEEFE /* qidong.mp4 */; };
		FADBC8D521C93653006FEEFE /* UIImage+GIF.swift in Sources */ = {isa = PBXBuildFile; fileRef = FADBC8C121C93652006FEEFE /* UIImage+GIF.swift */; };
		FADBC8D621C93653006FEEFE /* UINavigationBar+YHIndicatorImage.m in Sources */ = {isa = PBXBuildFile; fileRef = FADBC8C421C93652006FEEFE /* UINavigationBar+YHIndicatorImage.m */; };
		FADBC8D721C93653006FEEFE /* UINavigationController+YHBackTitle.m in Sources */ = {isa = PBXBuildFile; fileRef = FADBC8C621C93652006FEEFE /* UINavigationController+YHBackTitle.m */; };
/* End PBXBuildFile section */

/* Begin PBXContainerItemProxy section */
		FADBC88F21C92EB5006FEEFE /* PBXContainerItemProxy */ = {
			isa = PBXContainerItemProxy;
			containerPortal = FADBC87221C92EB4006FEEFE /* Project object */;
			proxyType = 1;
			remoteGlobalIDString = FADBC87921C92EB4006FEEFE;
			remoteInfo = GPSwiftLearnTwo;
		};
		FADBC89A21C92EB5006FEEFE /* PBXContainerItemProxy */ = {
			isa = PBXContainerItemProxy;
			containerPortal = FADBC87221C92EB4006FEEFE /* Project object */;
			proxyType = 1;
			remoteGlobalIDString = FADBC87921C92EB4006FEEFE;
			remoteInfo = GPSwiftLearnTwo;
		};
/* End PBXContainerItemProxy section */

/* Begin PBXFileReference section */
		FADBC87A21C92EB4006FEEFE /* GPSwiftLearnTwo.app */ = {isa = PBXFileReference; explicitFileType = wrapper.application; includeInIndex = 0; path = GPSwiftLearnTwo.app; sourceTree = BUILT_PRODUCTS_DIR; };
		FADBC87D21C92EB4006FEEFE /* AppDelegate.swift */ = {isa = PBXFileReference; lastKnownFileType = sourcecode.swift; path = AppDelegate.swift; sourceTree = "<group>"; };
		FADBC87F21C92EB4006FEEFE /* ViewController.swift */ = {isa = PBXFileReference; lastKnownFileType = sourcecode.swift; path = ViewController.swift; sourceTree = "<group>"; };
		FADBC88221C92EB4006FEEFE /* Base */ = {isa = PBXFileReference; lastKnownFileType = file.storyboard; name = Base; path = Base.lproj/Main.storyboard; sourceTree = "<group>"; };
		FADBC88721C92EB4006FEEFE /* Base */ = {isa = PBXFileReference; lastKnownFileType = file.storyboard; name = Base; path = Base.lproj/LaunchScreen.storyboard; sourceTree = "<group>"; };
		FADBC88921C92EB4006FEEFE /* Info.plist */ = {isa = PBXFileReference; lastKnownFileType = text.plist.xml; path = Info.plist; sourceTree = "<group>"; };
		FADBC88E21C92EB5006FEEFE /* GPSwiftLearnTwoTests.xctest */ = {isa = PBXFileReference; explicitFileType = wrapper.cfbundle; includeInIndex = 0; path = GPSwiftLearnTwoTests.xctest; sourceTree = BUILT_PRODUCTS_DIR; };
		FADBC89221C92EB5006FEEFE /* GPSwiftLearnTwoTests.swift */ = {isa = PBXFileReference; lastKnownFileType = sourcecode.swift; path = GPSwiftLearnTwoTests.swift; sourceTree = "<group>"; };
		FADBC89421C92EB5006FEEFE /* Info.plist */ = {isa = PBXFileReference; lastKnownFileType = text.plist.xml; path = Info.plist; sourceTree = "<group>"; };
		FADBC89921C92EB5006FEEFE /* GPSwiftLearnTwoUITests.xctest */ = {isa = PBXFileReference; explicitFileType = wrapper.cfbundle; includeInIndex = 0; path = GPSwiftLearnTwoUITests.xctest; sourceTree = BUILT_PRODUCTS_DIR; };
		FADBC89D21C92EB5006FEEFE /* GPSwiftLearnTwoUITests.swift */ = {isa = PBXFileReference; lastKnownFileType = sourcecode.swift; path = GPSwiftLearnTwoUITests.swift; sourceTree = "<group>"; };
		FADBC89F21C92EB5006FEEFE /* Info.plist */ = {isa = PBXFileReference; lastKnownFileType = text.plist.xml; path = Info.plist; sourceTree = "<group>"; };
		FADBC8AB21C933FA006FEEFE /* Assets.xcassets */ = {isa = PBXFileReference; lastKnownFileType = folder.assetcatalog; name = Assets.xcassets; path = GPSwiftLearnTwo/Assets.xcassets; sourceTree = SOURCE_ROOT; };
		FADBC8B121C93652006FEEFE /* WRCustomNavigationBar.swift */ = {isa = PBXFileReference; fileEncoding = 4; lastKnownFileType = sourcecode.swift; path = WRCustomNavigationBar.swift; sourceTree = "<group>"; };
		FADBC8B321C93652006FEEFE /* WRCycleCell.swift */ = {isa = PBXFileReference; fileEncoding = 4; lastKnownFileType = sourcecode.swift; path = WRCycleCell.swift; sourceTree = "<group>"; };
		FADBC8B421C93652006FEEFE /* WRCycleScrollView.swift */ = {isa = PBXFileReference; fileEncoding = 4; lastKnownFileType = sourcecode.swift; path = WRCycleScrollView.swift; sourceTree = "<group>"; };
		FADBC8B521C93652006FEEFE /* WRProxy.swift */ = {isa = PBXFileReference; fileEncoding = 4; lastKnownFileType = sourcecode.swift; path = WRProxy.swift; sourceTree = "<group>"; };
		FADBC8B621C93652006FEEFE /* WRNavigationBar.swift */ = {isa = PBXFileReference; fileEncoding = 4; lastKnownFileType = sourcecode.swift; path = WRNavigationBar.swift; sourceTree = "<group>"; };
		FADBC8B821C93652006FEEFE /* guide_btn_bg@2x.png */ = {isa = PBXFileReference; lastKnownFileType = image.png; path = "guide_btn_bg@2x.png"; sourceTree = "<group>"; };
		FADBC8B921C93652006FEEFE /* guideImage6.gif */ = {isa = PBXFileReference; lastKnownFileType = image.gif; path = guideImage6.gif; sourceTree = "<group>"; };
		FADBC8BA21C93652006FEEFE /* guideImage7.gif */ = {isa = PBXFileReference; lastKnownFileType = image.gif; path = guideImage7.gif; sourceTree = "<group>"; };
		FADBC8BB21C93652006FEEFE /* guideImage8.gif */ = {isa = PBXFileReference; lastKnownFileType = image.gif; path = guideImage8.gif; sourceTree = "<group>"; };
		FADBC8BC21C93652006FEEFE /* HHGuidePageHUD.swift */ = {isa = PBXFileReference; fileEncoding = 4; lastKnownFileType = sourcecode.swift; path = HHGuidePageHUD.swift; sourceTree = "<group>"; };
		FADBC8BD21C93652006FEEFE /* lead01.png */ = {isa = PBXFileReference; lastKnownFileType = image.png; path = lead01.png; sourceTree = "<group>"; };
		FADBC8BE21C93652006FEEFE /* lead02.png */ = {isa = PBXFileReference; lastKnownFileType = image.png; path = lead02.png; sourceTree = "<group>"; };
		FADBC8BF21C93652006FEEFE /* lead03.png */ = {isa = PBXFileReference; lastKnownFileType = image.png; path = lead03.png; sourceTree = "<group>"; };
		FADBC8C021C93652006FEEFE /* qidong.mp4 */ = {isa = PBXFileReference; lastKnownFileType = file; path = qidong.mp4; sourceTree = "<group>"; };
		FADBC8C121C93652006FEEFE /* UIImage+GIF.swift */ = {isa = PBXFileReference; fileEncoding = 4; lastKnownFileType = sourcecode.swift; path = "UIImage+GIF.swift"; sourceTree = "<group>"; };
		FADBC8C321C93652006FEEFE /* UINavigationBar+YHIndicatorImage.h */ = {isa = PBXFileReference; fileEncoding = 4; lastKnownFileType = sourcecode.c.h; path = "UINavigationBar+YHIndicatorImage.h"; sourceTree = "<group>"; };
		FADBC8C421C93652006FEEFE /* UINavigationBar+YHIndicatorImage.m */ = {isa = PBXFileReference; fileEncoding = 4; lastKnownFileType = sourcecode.c.objc; path = "UINavigationBar+YHIndicatorImage.m"; sourceTree = "<group>"; };
		FADBC8C521C93652006FEEFE /* UINavigationController+YHBackTitle.h */ = {isa = PBXFileReference; fileEncoding = 4; lastKnownFileType = sourcecode.c.h; path = "UINavigationController+YHBackTitle.h"; sourceTree = "<group>"; };
		FADBC8C621C93652006FEEFE /* UINavigationController+YHBackTitle.m */ = {isa = PBXFileReference; fileEncoding = 4; lastKnownFileType = sourcecode.c.objc; path = "UINavigationController+YHBackTitle.m"; sourceTree = "<group>"; };
/* End PBXFileReference section */

/* Begin PBXFrameworksBuildPhase section */
		FADBC87721C92EB4006FEEFE /* Frameworks */ = {
			isa = PBXFrameworksBuildPhase;
			buildActionMask = 2147483647;
			files = (
			);
			runOnlyForDeploymentPostprocessing = 0;
		};
		FADBC88B21C92EB5006FEEFE /* Frameworks */ = {
			isa = PBXFrameworksBuildPhase;
			buildActionMask = 2147483647;
			files = (
			);
			runOnlyForDeploymentPostprocessing = 0;
		};
		FADBC89621C92EB5006FEEFE /* Frameworks */ = {
			isa = PBXFrameworksBuildPhase;
			buildActionMask = 2147483647;
			files = (
			);
			runOnlyForDeploymentPostprocessing = 0;
		};
/* End PBXFrameworksBuildPhase section */

/* Begin PBXGroup section */
		FADBC87121C92EB4006FEEFE = {
			isa = PBXGroup;
			children = (
				FADBC8AE21C93601006FEEFE /* Progroject */,
				FADBC87C21C92EB4006FEEFE /* GPSwiftLearnTwo */,
				FADBC89121C92EB5006FEEFE /* GPSwiftLearnTwoTests */,
				FADBC89C21C92EB5006FEEFE /* GPSwiftLearnTwoUITests */,
				FADBC87B21C92EB4006FEEFE /* Products */,
			);
			sourceTree = "<group>";
		};
		FADBC87B21C92EB4006FEEFE /* Products */ = {
			isa = PBXGroup;
			children = (
				FADBC87A21C92EB4006FEEFE /* GPSwiftLearnTwo.app */,
				FADBC88E21C92EB5006FEEFE /* GPSwiftLearnTwoTests.xctest */,
				FADBC89921C92EB5006FEEFE /* GPSwiftLearnTwoUITests.xctest */,
			);
			name = Products;
			sourceTree = "<group>";
		};
		FADBC87C21C92EB4006FEEFE /* GPSwiftLearnTwo */ = {
			isa = PBXGroup;
			children = (
				FADBC87D21C92EB4006FEEFE /* AppDelegate.swift */,
				FADBC87F21C92EB4006FEEFE /* ViewController.swift */,
				FADBC88121C92EB4006FEEFE /* Main.storyboard */,
				FADBC88621C92EB4006FEEFE /* LaunchScreen.storyboard */,
				FADBC88921C92EB4006FEEFE /* Info.plist */,
			);
			path = GPSwiftLearnTwo;
			sourceTree = "<group>";
		};
		FADBC89121C92EB5006FEEFE /* GPSwiftLearnTwoTests */ = {
			isa = PBXGroup;
			children = (
				FADBC8AB21C933FA006FEEFE /* Assets.xcassets */,
				FADBC89221C92EB5006FEEFE /* GPSwiftLearnTwoTests.swift */,
				FADBC89421C92EB5006FEEFE /* Info.plist */,
			);
			path = GPSwiftLearnTwoTests;
			sourceTree = "<group>";
		};
		FADBC89C21C92EB5006FEEFE /* GPSwiftLearnTwoUITests */ = {
			isa = PBXGroup;
			children = (
				FADBC89D21C92EB5006FEEFE /* GPSwiftLearnTwoUITests.swift */,
				FADBC89F21C92EB5006FEEFE /* Info.plist */,
			);
			path = GPSwiftLearnTwoUITests;
			sourceTree = "<group>";
		};
		FADBC8AE21C93601006FEEFE /* Progroject */ = {
			isa = PBXGroup;
			children = (
				FADBC8AF21C9361A006FEEFE /* Librartys */,
			);
			path = Progroject;
			sourceTree = "<group>";
		};
		FADBC8AF21C9361A006FEEFE /* Librartys */ = {
			isa = PBXGroup;
			children = (
				FADBC8B721C93652006FEEFE /* HHGuidePageHUD */,
				FADBC8B021C93652006FEEFE /* WRNavigationBar */,
				FADBC8C221C93652006FEEFE /* yh_navgation */,
			);
			path = Librartys;
			sourceTree = "<group>";
		};
		FADBC8B021C93652006FEEFE /* WRNavigationBar */ = {
			isa = PBXGroup;
			children = (
				FADBC8B121C93652006FEEFE /* WRCustomNavigationBar.swift */,
				FADBC8B221C93652006FEEFE /* WRCycleScrollView */,
				FADBC8B621C93652006FEEFE /* WRNavigationBar.swift */,
			);
			path = WRNavigationBar;
			sourceTree = "<group>";
		};
		FADBC8B221C93652006FEEFE /* WRCycleScrollView */ = {
			isa = PBXGroup;
			children = (
				FADBC8B321C93652006FEEFE /* WRCycleCell.swift */,
				FADBC8B421C93652006FEEFE /* WRCycleScrollView.swift */,
				FADBC8B521C93652006FEEFE /* WRProxy.swift */,
			);
			path = WRCycleScrollView;
			sourceTree = "<group>";
		};
		FADBC8B721C93652006FEEFE /* HHGuidePageHUD */ = {
			isa = PBXGroup;
			children = (
				FADBC8B821C93652006FEEFE /* guide_btn_bg@2x.png */,
				FADBC8B921C93652006FEEFE /* guideImage6.gif */,
				FADBC8BA21C93652006FEEFE /* guideImage7.gif */,
				FADBC8BB21C93652006FEEFE /* guideImage8.gif */,
				FADBC8BC21C93652006FEEFE /* HHGuidePageHUD.swift */,
				FADBC8BD21C93652006FEEFE /* lead01.png */,
				FADBC8BE21C93652006FEEFE /* lead02.png */,
				FADBC8BF21C93652006FEEFE /* lead03.png */,
				FADBC8C021C93652006FEEFE /* qidong.mp4 */,
				FADBC8C121C93652006FEEFE /* UIImage+GIF.swift */,
			);
			path = HHGuidePageHUD;
			sourceTree = "<group>";
		};
		FADBC8C221C93652006FEEFE /* yh_navgation */ = {
			isa = PBXGroup;
			children = (
				FADBC8C321C93652006FEEFE /* UINavigationBar+YHIndicatorImage.h */,
				FADBC8C421C93652006FEEFE /* UINavigationBar+YHIndicatorImage.m */,
				FADBC8C521C93652006FEEFE /* UINavigationController+YHBackTitle.h */,
				FADBC8C621C93652006FEEFE /* UINavigationController+YHBackTitle.m */,
			);
			path = yh_navgation;
			sourceTree = "<group>";
		};
/* End PBXGroup section */

/* Begin PBXNativeTarget section */
		FADBC87921C92EB4006FEEFE /* GPSwiftLearnTwo */ = {
			isa = PBXNativeTarget;
			buildConfigurationList = FADBC8A221C92EB5006FEEFE /* Build configuration list for PBXNativeTarget "GPSwiftLearnTwo" */;
			buildPhases = (
				FADBC87621C92EB4006FEEFE /* Sources */,
				FADBC87721C92EB4006FEEFE /* Frameworks */,
				FADBC87821C92EB4006FEEFE /* Resources */,
			);
			buildRules = (
			);
			dependencies = (
			);
			name = GPSwiftLearnTwo;
			productName = GPSwiftLearnTwo;
			productReference = FADBC87A21C92EB4006FEEFE /* GPSwiftLearnTwo.app */;
			productType = "com.apple.product-type.application";
		};
		FADBC88D21C92EB5006FEEFE /* GPSwiftLearnTwoTests */ = {
			isa = PBXNativeTarget;
			buildConfigurationList = FADBC8A521C92EB5006FEEFE /* Build configuration list for PBXNativeTarget "GPSwiftLearnTwoTests" */;
			buildPhases = (
				FADBC88A21C92EB5006FEEFE /* Sources */,
				FADBC88B21C92EB5006FEEFE /* Frameworks */,
				FADBC88C21C92EB5006FEEFE /* Resources */,
			);
			buildRules = (
			);
			dependencies = (
				FADBC89021C92EB5006FEEFE /* PBXTargetDependency */,
			);
			name = GPSwiftLearnTwoTests;
			productName = GPSwiftLearnTwoTests;
			productReference = FADBC88E21C92EB5006FEEFE /* GPSwiftLearnTwoTests.xctest */;
			productType = "com.apple.product-type.bundle.unit-test";
		};
		FADBC89821C92EB5006FEEFE /* GPSwiftLearnTwoUITests */ = {
			isa = PBXNativeTarget;
			buildConfigurationList = FADBC8A821C92EB5006FEEFE /* Build configuration list for PBXNativeTarget "GPSwiftLearnTwoUITests" */;
			buildPhases = (
				FADBC89521C92EB5006FEEFE /* Sources */,
				FADBC89621C92EB5006FEEFE /* Frameworks */,
				FADBC89721C92EB5006FEEFE /* Resources */,
			);
			buildRules = (
			);
			dependencies = (
				FADBC89B21C92EB5006FEEFE /* PBXTargetDependency */,
			);
			name = GPSwiftLearnTwoUITests;
			productName = GPSwiftLearnTwoUITests;
			productReference = FADBC89921C92EB5006FEEFE /* GPSwiftLearnTwoUITests.xctest */;
			productType = "com.apple.product-type.bundle.ui-testing";
		};
/* End PBXNativeTarget section */

/* Begin PBXProject section */
		FADBC87221C92EB4006FEEFE /* Project object */ = {
			isa = PBXProject;
			attributes = {
				LastSwiftUpdateCheck = 0920;
				LastUpgradeCheck = 0920;
				ORGANIZATIONNAME = AiTeng;
				TargetAttributes = {
					FADBC87921C92EB4006FEEFE = {
						CreatedOnToolsVersion = 9.2;
						ProvisioningStyle = Automatic;
					};
					FADBC88D21C92EB5006FEEFE = {
						CreatedOnToolsVersion = 9.2;
						ProvisioningStyle = Automatic;
						TestTargetID = FADBC87921C92EB4006FEEFE;
					};
					FADBC89821C92EB5006FEEFE = {
						CreatedOnToolsVersion = 9.2;
						ProvisioningStyle = Automatic;
						TestTargetID = FADBC87921C92EB4006FEEFE;
					};
				};
			};
			buildConfigurationList = FADBC87521C92EB4006FEEFE /* Build configuration list for PBXProject "GPSwiftLearnTwo" */;
			compatibilityVersion = "Xcode 8.0";
			developmentRegion = en;
			hasScannedForEncodings = 0;
			knownRegions = (
				en,
				Base,
			);
			mainGroup = FADBC87121C92EB4006FEEFE;
			productRefGroup = FADBC87B21C92EB4006FEEFE /* Products */;
			projectDirPath = "";
			projectRoot = "";
			targets = (
				FADBC87921C92EB4006FEEFE /* GPSwiftLearnTwo */,
				FADBC88D21C92EB5006FEEFE /* GPSwiftLearnTwoTests */,
				FADBC89821C92EB5006FEEFE /* GPSwiftLearnTwoUITests */,
			);
		};
/* End PBXProject section */

/* Begin PBXResourcesBuildPhase section */
		FADBC87821C92EB4006FEEFE /* Resources */ = {
			isa = PBXResourcesBuildPhase;
			buildActionMask = 2147483647;
			files = (
				FADBC88821C92EB4006FEEFE /* LaunchScreen.storyboard in Resources */,
				FADBC88321C92EB4006FEEFE /* Main.storyboard in Resources */,
			);
			runOnlyForDeploymentPostprocessing = 0;
		};
		FADBC88C21C92EB5006FEEFE /* Resources */ = {
			isa = PBXResourcesBuildPhase;
			buildActionMask = 2147483647;
			files = (
				FADBC8CD21C93653006FEEFE /* guideImage6.gif in Resources */,
				FADBC8CF21C93653006FEEFE /* guideImage8.gif in Resources */,
				FADBC8D121C93653006FEEFE /* lead01.png in Resources */,
				FADBC8AC21C933FA006FEEFE /* Assets.xcassets in Resources */,
				FADBC8CC21C93653006FEEFE /* guide_btn_bg@2x.png in Resources */,
				FADBC8CE21C93653006FEEFE /* guideImage7.gif in Resources */,
				FADBC8D321C93653006FEEFE /* lead03.png in Resources */,
				FADBC8D421C93653006FEEFE /* qidong.mp4 in Resources */,
				FADBC8D221C93653006FEEFE /* lead02.png in Resources */,
			);
			runOnlyForDeploymentPostprocessing = 0;
		};
		FADBC89721C92EB5006FEEFE /* Resources */ = {
			isa = PBXResourcesBuildPhase;
			buildActionMask = 2147483647;
			files = (
			);
			runOnlyForDeploymentPostprocessing = 0;
		};
/* End PBXResourcesBuildPhase section */

/* Begin PBXSourcesBuildPhase section */
		FADBC87621C92EB4006FEEFE /* Sources */ = {
			isa = PBXSourcesBuildPhase;
			buildActionMask = 2147483647;
			files = (
				FADBC88021C92EB4006FEEFE /* ViewController.swift in Sources */,
				FADBC87E21C92EB4006FEEFE /* AppDelegate.swift in Sources */,
			);
			runOnlyForDeploymentPostprocessing = 0;
		};
		FADBC88A21C92EB5006FEEFE /* Sources */ = {
			isa = PBXSourcesBuildPhase;
			buildActionMask = 2147483647;
			files = (
				FADBC8D721C93653006FEEFE /* UINavigationController+YHBackTitle.m in Sources */,
				FADBC8CB21C93653006FEEFE /* WRNavigationBar.swift in Sources */,
				FADBC8D021C93653006FEEFE /* HHGuidePageHUD.swift in Sources */,
				FADBC8CA21C93652006FEEFE /* WRProxy.swift in Sources */,
				FADBC89321C92EB5006FEEFE /* GPSwiftLearnTwoTests.swift in Sources */,
				FADBC8C921C93652006FEEFE /* WRCycleScrollView.swift in Sources */,
				FADBC8C821C93652006FEEFE /* WRCycleCell.swift in Sources */,
				FADBC8D521C93653006FEEFE /* UIImage+GIF.swift in Sources */,
				FADBC8C721C93652006FEEFE /* WRCustomNavigationBar.swift in Sources */,
				FADBC8D621C93653006FEEFE /* UINavigationBar+YHIndicatorImage.m in Sources */,
			);
			runOnlyForDeploymentPostprocessing = 0;
		};
		FADBC89521C92EB5006FEEFE /* Sources */ = {
			isa = PBXSourcesBuildPhase;
			buildActionMask = 2147483647;
			files = (
				FADBC89E21C92EB5006FEEFE /* GPSwiftLearnTwoUITests.swift in Sources */,
			);
			runOnlyForDeploymentPostprocessing = 0;
		};
/* End PBXSourcesBuildPhase section */

/* Begin PBXTargetDependency section */
		FADBC89021C92EB5006FEEFE /* PBXTargetDependency */ = {
			isa = PBXTargetDependency;
			target = FADBC87921C92EB4006FEEFE /* GPSwiftLearnTwo */;
			targetProxy = FADBC88F21C92EB5006FEEFE /* PBXContainerItemProxy */;
		};
		FADBC89B21C92EB5006FEEFE /* PBXTargetDependency */ = {
			isa = PBXTargetDependency;
			target = FADBC87921C92EB4006FEEFE /* GPSwiftLearnTwo */;
			targetProxy = FADBC89A21C92EB5006FEEFE /* PBXContainerItemProxy */;
		};
/* End PBXTargetDependency section */

/* Begin PBXVariantGroup section */
		FADBC88121C92EB4006FEEFE /* Main.storyboard */ = {
			isa = PBXVariantGroup;
			children = (
				FADBC88221C92EB4006FEEFE /* Base */,
			);
			name = Main.storyboard;
			sourceTree = "<group>";
		};
		FADBC88621C92EB4006FEEFE /* LaunchScreen.storyboard */ = {
			isa = PBXVariantGroup;
			children = (
				FADBC88721C92EB4006FEEFE /* Base */,
			);
			name = LaunchScreen.storyboard;
			sourceTree = "<group>";
		};
/* End PBXVariantGroup section */

/* Begin XCBuildConfiguration section */
		FADBC8A021C92EB5006FEEFE /* Debug */ = {
			isa = XCBuildConfiguration;
			buildSettings = {
				ALWAYS_SEARCH_USER_PATHS = NO;
				CLANG_ANALYZER_NONNULL = YES;
				CLANG_ANALYZER_NUMBER_OBJECT_CONVERSION = YES_AGGRESSIVE;
				CLANG_CXX_LANGUAGE_STANDARD = "gnu++14";
				CLANG_CXX_LIBRARY = "libc++";
				CLANG_ENABLE_MODULES = YES;
				CLANG_ENABLE_OBJC_ARC = YES;
				CLANG_WARN_BLOCK_CAPTURE_AUTORELEASING = YES;
				CLANG_WARN_BOOL_CONVERSION = YES;
				CLANG_WARN_COMMA = YES;
				CLANG_WARN_CONSTANT_CONVERSION = YES;
				CLANG_WARN_DIRECT_OBJC_ISA_USAGE = YES_ERROR;
				CLANG_WARN_DOCUMENTATION_COMMENTS = YES;
				CLANG_WARN_EMPTY_BODY = YES;
				CLANG_WARN_ENUM_CONVERSION = YES;
				CLANG_WARN_INFINITE_RECURSION = YES;
				CLANG_WARN_INT_CONVERSION = YES;
				CLANG_WARN_NON_LITERAL_NULL_CONVERSION = YES;
				CLANG_WARN_OBJC_LITERAL_CONVERSION = YES;
				CLANG_WARN_OBJC_ROOT_CLASS = YES_ERROR;
				CLANG_WARN_RANGE_LOOP_ANALYSIS = YES;
				CLANG_WARN_STRICT_PROTOTYPES = YES;
				CLANG_WARN_SUSPICIOUS_MOVE = YES;
				CLANG_WARN_UNGUARDED_AVAILABILITY = YES_AGGRESSIVE;
				CLANG_WARN_UNREACHABLE_CODE = YES;
				CLANG_WARN__DUPLICATE_METHOD_MATCH = YES;
				CODE_SIGN_IDENTITY = "iPhone Developer";
				COPY_PHASE_STRIP = NO;
				DEBUG_INFORMATION_FORMAT = dwarf;
				ENABLE_STRICT_OBJC_MSGSEND = YES;
				ENABLE_TESTABILITY = YES;
				GCC_C_LANGUAGE_STANDARD = gnu11;
				GCC_DYNAMIC_NO_PIC = NO;
				GCC_NO_COMMON_BLOCKS = YES;
				GCC_OPTIMIZATION_LEVEL = 0;
				GCC_PREPROCESSOR_DEFINITIONS = (
					"DEBUG=1",
					"$(inherited)",
				);
				GCC_WARN_64_TO_32_BIT_CONVERSION = YES;
				GCC_WARN_ABOUT_RETURN_TYPE = YES_ERROR;
				GCC_WARN_UNDECLARED_SELECTOR = YES;
				GCC_WARN_UNINITIALIZED_AUTOS = YES_AGGRESSIVE;
				GCC_WARN_UNUSED_FUNCTION = YES;
				GCC_WARN_UNUSED_VARIABLE = YES;
				IPHONEOS_DEPLOYMENT_TARGET = 11.2;
				MTL_ENABLE_DEBUG_INFO = YES;
				ONLY_ACTIVE_ARCH = YES;
				SDKROOT = iphoneos;
				SWIFT_ACTIVE_COMPILATION_CONDITIONS = DEBUG;
				SWIFT_OPTIMIZATION_LEVEL = "-Onone";
			};
			name = Debug;
		};
		FADBC8A121C92EB5006FEEFE /* Release */ = {
			isa = XCBuildConfiguration;
			buildSettings = {
				ALWAYS_SEARCH_USER_PATHS = NO;
				CLANG_ANALYZER_NONNULL = YES;
				CLANG_ANALYZER_NUMBER_OBJECT_CONVERSION = YES_AGGRESSIVE;
				CLANG_CXX_LANGUAGE_STANDARD = "gnu++14";
				CLANG_CXX_LIBRARY = "libc++";
				CLANG_ENABLE_MODULES = YES;
				CLANG_ENABLE_OBJC_ARC = YES;
				CLANG_WARN_BLOCK_CAPTURE_AUTORELEASING = YES;
				CLANG_WARN_BOOL_CONVERSION = YES;
				CLANG_WARN_COMMA = YES;
				CLANG_WARN_CONSTANT_CONVERSION = YES;
				CLANG_WARN_DIRECT_OBJC_ISA_USAGE = YES_ERROR;
				CLANG_WARN_DOCUMENTATION_COMMENTS = YES;
				CLANG_WARN_EMPTY_BODY = YES;
				CLANG_WARN_ENUM_CONVERSION = YES;
				CLANG_WARN_INFINITE_RECURSION = YES;
				CLANG_WARN_INT_CONVERSION = YES;
				CLANG_WARN_NON_LITERAL_NULL_CONVERSION = YES;
				CLANG_WARN_OBJC_LITERAL_CONVERSION = YES;
				CLANG_WARN_OBJC_ROOT_CLASS = YES_ERROR;
				CLANG_WARN_RANGE_LOOP_ANALYSIS = YES;
				CLANG_WARN_STRICT_PROTOTYPES = YES;
				CLANG_WARN_SUSPICIOUS_MOVE = YES;
				CLANG_WARN_UNGUARDED_AVAILABILITY = YES_AGGRESSIVE;
				CLANG_WARN_UNREACHABLE_CODE = YES;
				CLANG_WARN__DUPLICATE_METHOD_MATCH = YES;
				CODE_SIGN_IDENTITY = "iPhone Developer";
				COPY_PHASE_STRIP = NO;
				DEBUG_INFORMATION_FORMAT = "dwarf-with-dsym";
				ENABLE_NS_ASSERTIONS = NO;
				ENABLE_STRICT_OBJC_MSGSEND = YES;
				GCC_C_LANGUAGE_STANDARD = gnu11;
				GCC_NO_COMMON_BLOCKS = YES;
				GCC_WARN_64_TO_32_BIT_CONVERSION = YES;
				GCC_WARN_ABOUT_RETURN_TYPE = YES_ERROR;
				GCC_WARN_UNDECLARED_SELECTOR = YES;
				GCC_WARN_UNINITIALIZED_AUTOS = YES_AGGRESSIVE;
				GCC_WARN_UNUSED_FUNCTION = YES;
				GCC_WARN_UNUSED_VARIABLE = YES;
				IPHONEOS_DEPLOYMENT_TARGET = 11.2;
				MTL_ENABLE_DEBUG_INFO = NO;
				SDKROOT = iphoneos;
				SWIFT_OPTIMIZATION_LEVEL = "-Owholemodule";
				VALIDATE_PRODUCT = YES;
			};
			name = Release;
		};
		FADBC8A321C92EB5006FEEFE /* Debug */ = {
			isa = XCBuildConfiguration;
			buildSettings = {
				ASSETCATALOG_COMPILER_APPICON_NAME = AppIcon;
				CODE_SIGN_STYLE = Automatic;
				INFOPLIST_FILE = GPSwiftLearnTwo/Info.plist;
				LD_RUNPATH_SEARCH_PATHS = "$(inherited) @executable_path/Frameworks";
				PRODUCT_BUNDLE_IDENTIFIER = com.aiteng.GPSwiftLearnTwo;
				PRODUCT_NAME = "$(TARGET_NAME)";
				SWIFT_VERSION = 4.0;
				TARGETED_DEVICE_FAMILY = "1,2";
			};
			name = Debug;
		};
		FADBC8A421C92EB5006FEEFE /* Release */ = {
			isa = XCBuildConfiguration;
			buildSettings = {
				ASSETCATALOG_COMPILER_APPICON_NAME = AppIcon;
				CODE_SIGN_STYLE = Automatic;
				INFOPLIST_FILE = GPSwiftLearnTwo/Info.plist;
				LD_RUNPATH_SEARCH_PATHS = "$(inherited) @executable_path/Frameworks";
				PRODUCT_BUNDLE_IDENTIFIER = com.aiteng.GPSwiftLearnTwo;
				PRODUCT_NAME = "$(TARGET_NAME)";
				SWIFT_VERSION = 4.0;
				TARGETED_DEVICE_FAMILY = "1,2";
			};
			name = Release;
		};
		FADBC8A621C92EB5006FEEFE /* Debug */ = {
			isa = XCBuildConfiguration;
			buildSettings = {
				ALWAYS_EMBED_SWIFT_STANDARD_LIBRARIES = YES;
				BUNDLE_LOADER = "$(TEST_HOST)";
				CODE_SIGN_STYLE = Automatic;
				INFOPLIST_FILE = GPSwiftLearnTwoTests/Info.plist;
				LD_RUNPATH_SEARCH_PATHS = "$(inherited) @executable_path/Frameworks @loader_path/Frameworks";
				PRODUCT_BUNDLE_IDENTIFIER = com.aiteng.GPSwiftLearnTwoTests;
				PRODUCT_NAME = "$(TARGET_NAME)";
				SWIFT_VERSION = 4.0;
				TARGETED_DEVICE_FAMILY = "1,2";
				TEST_HOST = "$(BUILT_PRODUCTS_DIR)/GPSwiftLearnTwo.app/GPSwiftLearnTwo";
			};
			name = Debug;
		};
		FADBC8A721C92EB5006FEEFE /* Release */ = {
			isa = XCBuildConfiguration;
			buildSettings = {
				ALWAYS_EMBED_SWIFT_STANDARD_LIBRARIES = YES;
				BUNDLE_LOADER = "$(TEST_HOST)";
				CODE_SIGN_STYLE = Automatic;
				INFOPLIST_FILE = GPSwiftLearnTwoTests/Info.plist;
				LD_RUNPATH_SEARCH_PATHS = "$(inherited) @executable_path/Frameworks @loader_path/Frameworks";
				PRODUCT_BUNDLE_IDENTIFIER = com.aiteng.GPSwiftLearnTwoTests;
				PRODUCT_NAME = "$(TARGET_NAME)";
				SWIFT_VERSION = 4.0;
				TARGETED_DEVICE_FAMILY = "1,2";
				TEST_HOST = "$(BUILT_PRODUCTS_DIR)/GPSwiftLearnTwo.app/GPSwiftLearnTwo";
			};
			name = Release;
		};
		FADBC8A921C92EB5006FEEFE /* Debug */ = {
			isa = XCBuildConfiguration;
			buildSettings = {
				ALWAYS_EMBED_SWIFT_STANDARD_LIBRARIES = YES;
				CODE_SIGN_STYLE = Automatic;
				INFOPLIST_FILE = GPSwiftLearnTwoUITests/Info.plist;
				LD_RUNPATH_SEARCH_PATHS = "$(inherited) @executable_path/Frameworks @loader_path/Frameworks";
				PRODUCT_BUNDLE_IDENTIFIER = com.aiteng.GPSwiftLearnTwoUITests;
				PRODUCT_NAME = "$(TARGET_NAME)";
				SWIFT_VERSION = 4.0;
				TARGETED_DEVICE_FAMILY = "1,2";
				TEST_TARGET_NAME = GPSwiftLearnTwo;
			};
			name = Debug;
		};
		FADBC8AA21C92EB5006FEEFE /* Release */ = {
			isa = XCBuildConfiguration;
			buildSettings = {
				ALWAYS_EMBED_SWIFT_STANDARD_LIBRARIES = YES;
				CODE_SIGN_STYLE = Automatic;
				INFOPLIST_FILE = GPSwiftLearnTwoUITests/Info.plist;
				LD_RUNPATH_SEARCH_PATHS = "$(inherited) @executable_path/Frameworks @loader_path/Frameworks";
				PRODUCT_BUNDLE_IDENTIFIER = com.aiteng.GPSwiftLearnTwoUITests;
				PRODUCT_NAME = "$(TARGET_NAME)";
				SWIFT_VERSION = 4.0;
				TARGETED_DEVICE_FAMILY = "1,2";
				TEST_TARGET_NAME = GPSwiftLearnTwo;
			};
			name = Release;
		};
/* End XCBuildConfiguration section */

/* Begin XCConfigurationList section */
		FADBC87521C92EB4006FEEFE /* Build configuration list for PBXProject "GPSwiftLearnTwo" */ = {
			isa = XCConfigurationList;
			buildConfigurations = (
				FADBC8A021C92EB5006FEEFE /* Debug */,
				FADBC8A121C92EB5006FEEFE /* Release */,
			);
			defaultConfigurationIsVisible = 0;
			defaultConfigurationName = Release;
		};
		FADBC8A221C92EB5006FEEFE /* Build configuration list for PBXNativeTarget "GPSwiftLearnTwo" */ = {
			isa = XCConfigurationList;
			buildConfigurations = (
				FADBC8A321C92EB5006FEEFE /* Debug */,
				FADBC8A421C92EB5006FEEFE /* Release */,
			);
			defaultConfigurationIsVisible = 0;
			defaultConfigurationName = Release;
		};
		FADBC8A521C92EB5006FEEFE /* Build configuration list for PBXNativeTarget "GPSwiftLearnTwoTests" */ = {
			isa = XCConfigurationList;
			buildConfigurations = (
				FADBC8A621C92EB5006FEEFE /* Debug */,
				FADBC8A721C92EB5006FEEFE /* Release */,
			);
			defaultConfigurationIsVisible = 0;
			defaultConfigurationName = Release;
		};
		FADBC8A821C92EB5006FEEFE /* Build configuration list for PBXNativeTarget "GPSwiftLearnTwoUITests" */ = {
			isa = XCConfigurationList;
			buildConfigurations = (
				FADBC8A921C92EB5006FEEFE /* Debug */,
				FADBC8AA21C92EB5006FEEFE /* Release */,
			);
			defaultConfigurationIsVisible = 0;
			defaultConfigurationName = Release;
		};
/* End XCConfigurationList section */
	};
	rootObject = FADBC87221C92EB4006FEEFE /* Project object */;
}
